# THIS IS AN AUTOGENERATED FILE. DO NOT EDIT THIS FILE DIRECTLY.
# yarn lockfile v1


"@types/node@^14.14.21":
  version "14.14.21"
  resolved "https://registry.npm.taobao.org/@types/node/download/@types/node-14.14.21.tgz?cache=0&sync_timestamp=1610658214168&other_urls=https%3A%2F%2Fregistry.npm.taobao.org%2F%40types%2Fnode%2Fdownload%2F%40types%2Fnode-14.14.21.tgz#d934aacc22424fe9622ebf6857370c052eae464e"
  integrity sha1-2TSqzCJCT+liLr9oVzcMBS6uRk4=
